
Microsoft Visual Studio Solution File, Format Version 12.00
# Visual Studio 15
VisualStudioVersion = 15.0.27130.2027
MinimumVisualStudioVersion = 10.0.40219.1
Project("{FAE04EC0-301F-11D3-BF4B-00C04F79EFBC}") = "WeatherApp.Framework", "WeatherApp.Framework\WeatherApp.Framework.csproj", "{C87ADB1A-B97B-40D7-8453-278DC8EEB182}"
EndProject
Project("{FAE04EC0-301F-11D3-BF4B-00C04F79EFBC}") = "WeatherApp.Test", "WeatherApp.Test\WeatherApp.Test.csproj", "{81BA2D17-2BB8-44B0-9B99-0A713040AD79}"
EndProject
Global
	GlobalSection(SolutionConfigurationPlatforms) = preSolution
		Debug|Any CPU = Debug|Any CPU
		Release|Any CPU = Release|Any CPU
	EndGlobalSection
	GlobalSection(ProjectConfigurationPlatforms) = postSolution
		{C87ADB1A-B97B-40D7-8453-278DC8EEB182}.Debug|Any CPU.ActiveCfg = Debug|Any CPU
		{C87ADB1A-B97B-40D7-8453-278DC8EEB182}.Debug|Any CPU.Build.0 = Debug|Any CPU
		{C87ADB1A-B97B-40D7-8453-278DC8EEB182}.Release|Any CPU.ActiveCfg = Release|Any CPU
		{C87ADB1A-B97B-40D7-8453-278DC8EEB182}.Release|Any CPU.Build.0 = Release|Any CPU
		{81BA2D17-2BB8-44B0-9B99-0A713040AD79}.Debug|Any CPU.ActiveCfg = Debug|Any CPU
		{81BA2D17-2BB8-44B0-9B99-0A713040AD79}.Debug|Any CPU.Build.0 = Debug|Any CPU
		{81BA2D17-2BB8-44B0-9B99-0A713040AD79}.Release|Any CPU.ActiveCfg = Release|Any CPU
		{81BA2D17-2BB8-44B0-9B99-0A713040AD79}.Release|Any CPU.Build.0 = Release|Any CPU
	EndGlobalSection
	GlobalSection(SolutionProperties) = preSolution
		HideSolutionNode = FALSE
	EndGlobalSection
	GlobalSection(ExtensibilityGlobals) = postSolution
		SolutionGuid = {9CD71F32-6737-4D07-8AAA-06670D8D5F92}
	EndGlobalSection
EndGlobal
